
Microsoft Visual Studio Solution File, Format Version 12.00
# Visual Studio 15
VisualStudioVersion = 15.0.27004.2009
MinimumVisualStudioVersion = 10.0.40219.1
Project("{FAE04EC0-301F-11D3-BF4B-00C04F79EFBC}") = "CompetitionInvitesWCF", "CompetitionInvitesWCF\CompetitionInvitesWCF.csproj", "{00D9B051-76DB-4F16-91E9-741783CA9000}"
	ProjectSection(ProjectDependencies) = postProject
		{2B42B86C-B46D-47FD-98E0-CF974A821B32} = {2B42B86C-B46D-47FD-98E0-CF974A821B32}
	EndProjectSection
EndProject
Project("{FAE04EC0-301F-11D3-BF4B-00C04F79EFBC}") = "CompetitionInvitesWCFService", "CompetitionInvitesWCFService\CompetitionInvitesWCFService.csproj", "{2B42B86C-B46D-47FD-98E0-CF974A821B32}"
EndProject
Global
	GlobalSection(SolutionConfigurationPlatforms) = preSolution
		Debug|Any CPU = Debug|Any CPU
		Release|Any CPU = Release|Any CPU
	EndGlobalSection
	GlobalSection(ProjectConfigurationPlatforms) = postSolution
		{00D9B051-76DB-4F16-91E9-741783CA9000}.Debug|Any CPU.ActiveCfg = Debug|Any CPU
		{00D9B051-76DB-4F16-91E9-741783CA9000}.Debug|Any CPU.Build.0 = Debug|Any CPU
		{00D9B051-76DB-4F16-91E9-741783CA9000}.Release|Any CPU.ActiveCfg = Release|Any CPU
		{00D9B051-76DB-4F16-91E9-741783CA9000}.Release|Any CPU.Build.0 = Release|Any CPU
		{2B42B86C-B46D-47FD-98E0-CF974A821B32}.Debug|Any CPU.ActiveCfg = Debug|Any CPU
		{2B42B86C-B46D-47FD-98E0-CF974A821B32}.Debug|Any CPU.Build.0 = Debug|Any CPU
		{2B42B86C-B46D-47FD-98E0-CF974A821B32}.Release|Any CPU.ActiveCfg = Release|Any CPU
		{2B42B86C-B46D-47FD-98E0-CF974A821B32}.Release|Any CPU.Build.0 = Release|Any CPU
	EndGlobalSection
	GlobalSection(SolutionProperties) = preSolution
		HideSolutionNode = FALSE
	EndGlobalSection
	GlobalSection(ExtensibilityGlobals) = postSolution
		SolutionGuid = {AD5C2F8E-9E4B-49AB-9873-669CCF2D3C03}
	EndGlobalSection
EndGlobal
